
Microsoft Visual Studio Solution File, Format Version 12.00
# Visual Studio Version 17
VisualStudioVersion = 17.10.35013.160
MinimumVisualStudioVersion = 10.0.40219.1
Project("{9A19103F-16F7-4668-BE54-9A1E7A4F7556}") = "APITesting.Test", "APITesting\APITesting.Test.csproj", "{02DDDC05-C470-45AE-AE60-F3AF5069E06A}"
EndProject
Project("{9A19103F-16F7-4668-BE54-9A1E7A4F7556}") = "APITesting.Business", "APITesting.Business\APITesting.Business.csproj", "{8219A739-DFB3-4F3B-8F0E-06D80C09C04D}"
EndProject
Project("{FAE04EC0-301F-11D3-BF4B-00C04F79EFBC}") = "APITesting.Core", "APITesting.Core\APITesting.Core.csproj", "{FE96D99E-A505-4899-B0FD-D79F49AA83F2}"
EndProject
Global
	GlobalSection(SolutionConfigurationPlatforms) = preSolution
		Debug|Any CPU = Debug|Any CPU
		Release|Any CPU = Release|Any CPU
	EndGlobalSection
	GlobalSection(ProjectConfigurationPlatforms) = postSolution
		{02DDDC05-C470-45AE-AE60-F3AF5069E06A}.Debug|Any CPU.ActiveCfg = Debug|Any CPU
		{02DDDC05-C470-45AE-AE60-F3AF5069E06A}.Debug|Any CPU.Build.0 = Debug|Any CPU
		{02DDDC05-C470-45AE-AE60-F3AF5069E06A}.Release|Any CPU.ActiveCfg = Release|Any CPU
		{02DDDC05-C470-45AE-AE60-F3AF5069E06A}.Release|Any CPU.Build.0 = Release|Any CPU
		{8219A739-DFB3-4F3B-8F0E-06D80C09C04D}.Debug|Any CPU.ActiveCfg = Debug|Any CPU
		{8219A739-DFB3-4F3B-8F0E-06D80C09C04D}.Debug|Any CPU.Build.0 = Debug|Any CPU
		{8219A739-DFB3-4F3B-8F0E-06D80C09C04D}.Release|Any CPU.ActiveCfg = Release|Any CPU
		{8219A739-DFB3-4F3B-8F0E-06D80C09C04D}.Release|Any CPU.Build.0 = Release|Any CPU
		{FE96D99E-A505-4899-B0FD-D79F49AA83F2}.Debug|Any CPU.ActiveCfg = Debug|Any CPU
		{FE96D99E-A505-4899-B0FD-D79F49AA83F2}.Debug|Any CPU.Build.0 = Debug|Any CPU
		{FE96D99E-A505-4899-B0FD-D79F49AA83F2}.Release|Any CPU.ActiveCfg = Release|Any CPU
		{FE96D99E-A505-4899-B0FD-D79F49AA83F2}.Release|Any CPU.Build.0 = Release|Any CPU
	EndGlobalSection
	GlobalSection(SolutionProperties) = preSolution
		HideSolutionNode = FALSE
	EndGlobalSection
	GlobalSection(ExtensibilityGlobals) = postSolution
		SolutionGuid = {64CF7BAC-BF0B-413B-A016-3BB98401C51B}
	EndGlobalSection
EndGlobal
